github.com/emmansun/gmsm v0.29.9-0.20250326083704-b8d52dd11d02 h1:ULO+jYz+PGc9lW7V2nnWuAUhMrTajI8UPd2FRl+etWQ=
github.com/emmansun/gmsm v0.29.9-0.20250326083704-b8d52dd11d02/go.mod h1:qT2qbsoxfveuj88cg/J4/iPkaRZFEua8HYatSaxxhuQ=
github.com/emmansun/gmsm v0.30.0 h1:TtpenK1/xQDUhd0AM3YuWzxRFB/UrlM/+r9rByF6IEQ=
github.com/emmansun/gmsm v0.30.0/go.mod h1:qT2qbsoxfveuj88cg/J4/iPkaRZFEua8HYatSaxxhuQ=
